
Microsoft Visual Studio Solution File, Format Version 12.00
# Visual Studio Version 17
VisualStudioVersion = 17.11.35303.130
MinimumVisualStudioVersion = 10.0.40219.1
Project("{FAE04EC0-301F-11D3-BF4B-00C04F79EFBC}") = "Assignment1", "Assignment1.csproj", "{CC2BAA60-9FF1-41BB-B815-BA839BD21678}"
EndProject
Global
	GlobalSection(SolutionConfigurationPlatforms) = preSolution
		Debug|Any CPU = Debug|Any CPU
		Release|Any CPU = Release|Any CPU
	EndGlobalSection
	GlobalSection(ProjectConfigurationPlatforms) = postSolution
		{CC2BAA60-9FF1-41BB-B815-BA839BD21678}.Debug|Any CPU.ActiveCfg = Debug|Any CPU
		{CC2BAA60-9FF1-41BB-B815-BA839BD21678}.Debug|Any CPU.Build.0 = Debug|Any CPU
		{CC2BAA60-9FF1-41BB-B815-BA839BD21678}.Release|Any CPU.ActiveCfg = Release|Any CPU
		{CC2BAA60-9FF1-41BB-B815-BA839BD21678}.Release|Any CPU.Build.0 = Release|Any CPU
	EndGlobalSection
	GlobalSection(SolutionProperties) = preSolution
		HideSolutionNode = FALSE
	EndGlobalSection
	GlobalSection(ExtensibilityGlobals) = postSolution
		SolutionGuid = {FCEDB94B-18CA-494D-9367-F379D376D644}
	EndGlobalSection
EndGlobal
